
Microsoft Visual Studio Solution File, Format Version 12.00
# Visual Studio Version 17
VisualStudioVersion = 17.10.34928.147
MinimumVisualStudioVersion = 10.0.40219.1
Project("{FAE04EC0-301F-11D3-BF4B-00C04F79EFBC}") = "Lab-1 Solution", "Lab-1 Solution\Lab-1 Solution.csproj", "{7B80CD96-4BD4-416E-8246-1DE4F6CBA804}"
EndProject
Global
	GlobalSection(SolutionConfigurationPlatforms) = preSolution
		Debug|Any CPU = Debug|Any CPU
		Release|Any CPU = Release|Any CPU
	EndGlobalSection
	GlobalSection(ProjectConfigurationPlatforms) = postSolution
		{7B80CD96-4BD4-416E-8246-1DE4F6CBA804}.Debug|Any CPU.ActiveCfg = Debug|Any CPU
		{7B80CD96-4BD4-416E-8246-1DE4F6CBA804}.Debug|Any CPU.Build.0 = Debug|Any CPU
		{7B80CD96-4BD4-416E-8246-1DE4F6CBA804}.Release|Any CPU.ActiveCfg = Release|Any CPU
		{7B80CD96-4BD4-416E-8246-1DE4F6CBA804}.Release|Any CPU.Build.0 = Release|Any CPU
	EndGlobalSection
	GlobalSection(SolutionProperties) = preSolution
		HideSolutionNode = FALSE
	EndGlobalSection
	GlobalSection(ExtensibilityGlobals) = postSolution
		SolutionGuid = {3F0DC89D-4BE9-4D96-BBDE-7E865A8C40BA}
	EndGlobalSection
EndGlobal
